Microsoft Visual Studio Solution File, Format Version 8.00
Project("{FAE04EC0-301F-11D3-BF4B-00C04F79EFBC}") = "subwriter", "subwriter.csproj", "{4283346C-568D-4F93-B865-E82DF71FCBE4}"
	ProjectSection(ProjectDependencies) = postProject
	EndProjectSection
EndProject
Project("{FAE04EC0-301F-11D3-BF4B-00C04F79EFBC}") = "chapvert", "..\chapvert\chapvert.csproj", "{75C2933D-ADAE-4238-87C3-D2FE06921883}"
	ProjectSection(ProjectDependencies) = postProject
	EndProjectSection
EndProject
Global
	GlobalSection(SolutionConfiguration) = preSolution
		Debug = Debug
		Release = Release
	EndGlobalSection
	GlobalSection(ProjectConfiguration) = postSolution
		{4283346C-568D-4F93-B865-E82DF71FCBE4}.Debug.ActiveCfg = Debug|.NET
		{4283346C-568D-4F93-B865-E82DF71FCBE4}.Debug.Build.0 = Debug|.NET
		{4283346C-568D-4F93-B865-E82DF71FCBE4}.Release.ActiveCfg = Release|.NET
		{4283346C-568D-4F93-B865-E82DF71FCBE4}.Release.Build.0 = Release|.NET
		{75C2933D-ADAE-4238-87C3-D2FE06921883}.Debug.ActiveCfg = Debug|.NET
		{75C2933D-ADAE-4238-87C3-D2FE06921883}.Debug.Build.0 = Debug|.NET
		{75C2933D-ADAE-4238-87C3-D2FE06921883}.Release.ActiveCfg = Release|.NET
		{75C2933D-ADAE-4238-87C3-D2FE06921883}.Release.Build.0 = Release|.NET
	EndGlobalSection
	GlobalSection(ExtensibilityGlobals) = postSolution
	EndGlobalSection
	GlobalSection(ExtensibilityAddIns) = postSolution
	EndGlobalSection
EndGlobal
